PODS:
  - CollapsibleTableSectionViewController (2.0.1)

DEPENDENCIES:
  - CollapsibleTableSectionViewController (~> 2.0.1)

SPEC REPOS:
  https://github.com/cocoapods/specs.git:
    - CollapsibleTableSectionViewController

SPEC CHECKSUMS:
  CollapsibleTableSectionViewController: 40d97d684d870044522a0dc29b128a6acaaa99df

PODFILE CHECKSUM: fc74e7e10afdac50a7373eb40c9df73b91eec0b7

COCOAPODS: 1.5.3
