// !$*UTF8*$!
{
	archiveVersion = 1;
	classes = {
	};
	objectVersion = 50;
	objects = {

/* Begin PBXBuildFile section */
		256816F022CA417000893007 /* AppDelegate.swift in Sources */ = {isa = PBXBuildFile; fileRef = 256816EF22CA417000893007 /* AppDelegate.swift */; };
		256816F222CA417000893007 /* ViewController.swift in Sources */ = {isa = PBXBuildFile; fileRef = 256816F122CA417000893007 /* ViewController.swift */; };
		256816F522CA417000893007 /* Main.storyboard in Resources */ = {isa = PBXBuildFile; fileRef = 256816F322CA417000893007 /* Main.storyboard */; };
		256816F822CA417000893007 /* MyShop.xcdatamodeld in Sources */ = {isa = PBXBuildFile; fileRef = 256816F622CA417000893007 /* MyShop.xcdatamodeld */; };
		256816FA22CA417300893007 /* Assets.xcassets in Resources */ = {isa = PBXBuildFile; fileRef = 256816F922CA417300893007 /* Assets.xcassets */; };
		256816FD22CA417300893007 /* LaunchScreen.storyboard in Resources */ = {isa = PBXBuildFile; fileRef = 256816FB22CA417300893007 /* LaunchScreen.storyboard */; };
		2568171F22CA4AFC00893007 /* CoreDataManager.swift in Sources */ = {isa = PBXBuildFile; fileRef = 2568171E22CA4AFC00893007 /* CoreDataManager.swift */; };
/* End PBXBuildFile section */

/* Begin PBXFileReference section */
		256816EC22CA417000893007 /* MyShop.app */ = {isa = PBXFileReference; explicitFileType = wrapper.application; includeInIndex = 0; path = MyShop.app; sourceTree = BUILT_PRODUCTS_DIR; };
		256816EF22CA417000893007 /* AppDelegate.swift */ = {isa = PBXFileReference; lastKnownFileType = sourcecode.swift; path = AppDelegate.swift; sourceTree = "<group>"; };
		256816F122CA417000893007 /* ViewController.swift */ = {isa = PBXFileReference; lastKnownFileType = sourcecode.swift; path = ViewController.swift; sourceTree = "<group>"; };
		256816F422CA417000893007 /* Base */ = {isa = PBXFileReference; lastKnownFileType = file.storyboard; name = Base; path = Base.lproj/Main.storyboard; sourceTree = "<group>"; };
		256816F722CA417000893007 /* MyShop.xcdatamodel */ = {isa = PBXFileReference; lastKnownFileType = wrapper.xcdatamodel; path = MyShop.xcdatamodel; sourceTree = "<group>"; };
		256816F922CA417300893007 /* Assets.xcassets */ = {isa = PBXFileReference; lastKnownFileType = folder.assetcatalog; path = Assets.xcassets; sourceTree = "<group>"; };
		256816FC22CA417300893007 /* Base */ = {isa = PBXFileReference; lastKnownFileType = file.storyboard; name = Base; path = Base.lproj/LaunchScreen.storyboard; sourceTree = "<group>"; };
		256816FE22CA417300893007 /* Info.plist */ = {isa = PBXFileReference; lastKnownFileType = text.plist.xml; path = Info.plist; sourceTree = "<group>"; };
		2568171E22CA4AFC00893007 /* CoreDataManager.swift */ = {isa = PBXFileReference; fileEncoding = 4; lastKnownFileType = sourcecode.swift; path = CoreDataManager.swift; sourceTree = "<group>"; };
		2568173222CA5CB900893007 /* ProductEntity+CoreDataClass.swift */ = {isa = PBXFileReference; lastKnownFileType = sourcecode.swift; path = "ProductEntity+CoreDataClass.swift"; sourceTree = "<group>"; };
		2568173322CA5CB900893007 /* ProductEntity+CoreDataProperties.swift */ = {isa = PBXFileReference; lastKnownFileType = sourcecode.swift; path = "ProductEntity+CoreDataProperties.swift"; sourceTree = "<group>"; };
		2568173422CA5CB900893007 /* CategoriesEntity+CoreDataClass.swift */ = {isa = PBXFileReference; lastKnownFileType = sourcecode.swift; path = "CategoriesEntity+CoreDataClass.swift"; sourceTree = "<group>"; };
		2568173522CA5CB900893007 /* CategoriesEntity+CoreDataProperties.swift */ = {isa = PBXFileReference; lastKnownFileType = sourcecode.swift; path = "CategoriesEntity+CoreDataProperties.swift"; sourceTree = "<group>"; };
		2568173622CA5CB900893007 /* RankingEntity+CoreDataClass.swift */ = {isa = PBXFileReference; lastKnownFileType = sourcecode.swift; path = "RankingEntity+CoreDataClass.swift"; sourceTree = "<group>"; };
		2568173722CA5CB900893007 /* RankingEntity+CoreDataProperties.swift */ = {isa = PBXFileReference; lastKnownFileType = sourcecode.swift; path = "RankingEntity+CoreDataProperties.swift"; sourceTree = "<group>"; };
		2568173822CA5CB900893007 /* VariantEntity+CoreDataClass.swift */ = {isa = PBXFileReference; lastKnownFileType = sourcecode.swift; path = "VariantEntity+CoreDataClass.swift"; sourceTree = "<group>"; };
		2568173922CA5CB900893007 /* VariantEntity+CoreDataProperties.swift */ = {isa = PBXFileReference; lastKnownFileType = sourcecode.swift; path = "VariantEntity+CoreDataProperties.swift"; sourceTree = "<group>"; };
		2568173A22CA5CB900893007 /* TaxEntity+CoreDataClass.swift */ = {isa = PBXFileReference; lastKnownFileType = sourcecode.swift; path = "TaxEntity+CoreDataClass.swift"; sourceTree = "<group>"; };
		2568173B22CA5CB900893007 /* TaxEntity+CoreDataProperties.swift */ = {isa = PBXFileReference; lastKnownFileType = sourcecode.swift; path = "TaxEntity+CoreDataProperties.swift"; sourceTree = "<group>"; };
/* End PBXFileReference section */

/* Begin PBXFrameworksBuildPhase section */
		256816E922CA417000893007 /* Frameworks */ = {
			isa = PBXFrameworksBuildPhase;
			buildActionMask = 2147483647;
			files = (
			);
			runOnlyForDeploymentPostprocessing = 0;
		};
/* End PBXFrameworksBuildPhase section */

/* Begin PBXGroup section */
		256816E322CA417000893007 = {
			isa = PBXGroup;
			children = (
				256816EE22CA417000893007 /* MyShop */,
				256816ED22CA417000893007 /* Products */,
			);
			sourceTree = "<group>";
		};
		256816ED22CA417000893007 /* Products */ = {
			isa = PBXGroup;
			children = (
				256816EC22CA417000893007 /* MyShop.app */,
			);
			name = Products;
			sourceTree = "<group>";
		};
		256816EE22CA417000893007 /* MyShop */ = {
			isa = PBXGroup;
			children = (
				2568170622CA48C000893007 /* CoreData */,
				256816EF22CA417000893007 /* AppDelegate.swift */,
				256816F122CA417000893007 /* ViewController.swift */,
				256816F322CA417000893007 /* Main.storyboard */,
				256816F922CA417300893007 /* Assets.xcassets */,
				256816FB22CA417300893007 /* LaunchScreen.storyboard */,
				256816FE22CA417300893007 /* Info.plist */,
			);
			path = MyShop;
			sourceTree = "<group>";
		};
		2568170622CA48C000893007 /* CoreData */ = {
			isa = PBXGroup;
			children = (
				2568173122CA5C9000893007 /* ManagedObjectClasses */,
				2568171D22CA4AFC00893007 /* CoreDataManager */,
				2568170822CA491E00893007 /* ManagedObjectModel */,
			);
			path = CoreData;
			sourceTree = "<group>";
		};
		2568170822CA491E00893007 /* ManagedObjectModel */ = {
			isa = PBXGroup;
			children = (
				256816F622CA417000893007 /* MyShop.xcdatamodeld */,
			);
			path = ManagedObjectModel;
			sourceTree = "<group>";
		};
		2568171D22CA4AFC00893007 /* CoreDataManager */ = {
			isa = PBXGroup;
			children = (
				2568171E22CA4AFC00893007 /* CoreDataManager.swift */,
			);
			path = CoreDataManager;
			sourceTree = "<group>";
		};
		2568173122CA5C9000893007 /* ManagedObjectClasses */ = {
			isa = PBXGroup;
			children = (
				2568173222CA5CB900893007 /* ProductEntity+CoreDataClass.swift */,
				2568173322CA5CB900893007 /* ProductEntity+CoreDataProperties.swift */,
				2568173422CA5CB900893007 /* CategoriesEntity+CoreDataClass.swift */,
				2568173522CA5CB900893007 /* CategoriesEntity+CoreDataProperties.swift */,
				2568173622CA5CB900893007 /* RankingEntity+CoreDataClass.swift */,
				2568173722CA5CB900893007 /* RankingEntity+CoreDataProperties.swift */,
				2568173822CA5CB900893007 /* VariantEntity+CoreDataClass.swift */,
				2568173922CA5CB900893007 /* VariantEntity+CoreDataProperties.swift */,
				2568173A22CA5CB900893007 /* TaxEntity+CoreDataClass.swift */,
				2568173B22CA5CB900893007 /* TaxEntity+CoreDataProperties.swift */,
			);
			path = ManagedObjectClasses;
			sourceTree = "<group>";
		};
/* End PBXGroup section */

/* Begin PBXNativeTarget section */
		256816EB22CA417000893007 /* MyShop */ = {
			isa = PBXNativeTarget;
			buildConfigurationList = 2568170122CA417300893007 /* Build configuration list for PBXNativeTarget "MyShop" */;
			buildPhases = (
				256816E822CA417000893007 /* Sources */,
				256816E922CA417000893007 /* Frameworks */,
				256816EA22CA417000893007 /* Resources */,
			);
			buildRules = (
			);
			dependencies = (
			);
			name = MyShop;
			productName = MyShop;
			productReference = 256816EC22CA417000893007 /* MyShop.app */;
			productType = "com.apple.product-type.application";
		};
/* End PBXNativeTarget section */

/* Begin PBXProject section */
		256816E422CA417000893007 /* Project object */ = {
			isa = PBXProject;
			attributes = {
				LastSwiftUpdateCheck = 1020;
				LastUpgradeCheck = 1020;
				ORGANIZATIONNAME = "Virendra Ravalji";
				TargetAttributes = {
					256816EB22CA417000893007 = {
						CreatedOnToolsVersion = 10.2.1;
					};
				};
			};
			buildConfigurationList = 256816E722CA417000893007 /* Build configuration list for PBXProject "MyShop" */;
			compatibilityVersion = "Xcode 9.3";
			developmentRegion = en;
			hasScannedForEncodings = 0;
			knownRegions = (
				en,
				Base,
			);
			mainGroup = 256816E322CA417000893007;
			productRefGroup = 256816ED22CA417000893007 /* Products */;
			projectDirPath = "";
			projectRoot = "";
			targets = (
				256816EB22CA417000893007 /* MyShop */,
			);
		};
/* End PBXProject section */

/* Begin PBXResourcesBuildPhase section */
		256816EA22CA417000893007 /* Resources */ = {
			isa = PBXResourcesBuildPhase;
			buildActionMask = 2147483647;
			files = (
				256816FD22CA417300893007 /* LaunchScreen.storyboard in Resources */,
				256816FA22CA417300893007 /* Assets.xcassets in Resources */,
				256816F522CA417000893007 /* Main.storyboard in Resources */,
			);
			runOnlyForDeploymentPostprocessing = 0;
		};
/* End PBXResourcesBuildPhase section */

/* Begin PBXSourcesBuildPhase section */
		256816E822CA417000893007 /* Sources */ = {
			isa = PBXSourcesBuildPhase;
			buildActionMask = 2147483647;
			files = (
				256816F822CA417000893007 /* MyShop.xcdatamodeld in Sources */,
				256816F222CA417000893007 /* ViewController.swift in Sources */,
				256816F022CA417000893007 /* AppDelegate.swift in Sources */,
				2568171F22CA4AFC00893007 /* CoreDataManager.swift in Sources */,
			);
			runOnlyForDeploymentPostprocessing = 0;
		};
/* End PBXSourcesBuildPhase section */

/* Begin PBXVariantGroup section */
		256816F322CA417000893007 /* Main.storyboard */ = {
			isa = PBXVariantGroup;
			children = (
				256816F422CA417000893007 /* Base */,
			);
			name = Main.storyboard;
			sourceTree = "<group>";
		};
		256816FB22CA417300893007 /* LaunchScreen.storyboard */ = {
			isa = PBXVariantGroup;
			children = (
				256816FC22CA417300893007 /* Base */,
			);
			name = LaunchScreen.storyboard;
			sourceTree = "<group>";
		};
/* End PBXVariantGroup section */

/* Begin XCBuildConfiguration section */
		256816FF22CA417300893007 /* Debug */ = {
			isa = XCBuildConfiguration;
			buildSettings = {
				ALWAYS_SEARCH_USER_PATHS = NO;
				CLANG_ANALYZER_NONNULL = YES;
				CLANG_ANALYZER_NUMBER_OBJECT_CONVERSION = YES_AGGRESSIVE;
				CLANG_CXX_LANGUAGE_STANDARD = "gnu++14";
				CLANG_CXX_LIBRARY = "libc++";
				CLANG_ENABLE_MODULES = YES;
				CLANG_ENABLE_OBJC_ARC = YES;
				CLANG_ENABLE_OBJC_WEAK = YES;
				CLANG_WARN_BLOCK_CAPTURE_AUTORELEASING = YES;
				CLANG_WARN_BOOL_CONVERSION = YES;
				CLANG_WARN_COMMA = YES;
				CLANG_WARN_CONSTANT_CONVERSION = YES;
				CLANG_WARN_DEPRECATED_OBJC_IMPLEMENTATIONS = YES;
				CLANG_WARN_DIRECT_OBJC_ISA_USAGE = YES_ERROR;
				CLANG_WARN_DOCUMENTATION_COMMENTS = YES;
				CLANG_WARN_EMPTY_BODY = YES;
				CLANG_WARN_ENUM_CONVERSION = YES;
				CLANG_WARN_INFINITE_RECURSION = YES;
				CLANG_WARN_INT_CONVERSION = YES;
				CLANG_WARN_NON_LITERAL_NULL_CONVERSION = YES;
				CLANG_WARN_OBJC_IMPLICIT_RETAIN_SELF = YES;
				CLANG_WARN_OBJC_LITERAL_CONVERSION = YES;
				CLANG_WARN_OBJC_ROOT_CLASS = YES_ERROR;
				CLANG_WARN_RANGE_LOOP_ANALYSIS = YES;
				CLANG_WARN_STRICT_PROTOTYPES = YES;
				CLANG_WARN_SUSPICIOUS_MOVE = YES;
				CLANG_WARN_UNGUARDED_AVAILABILITY = YES_AGGRESSIVE;
				CLANG_WARN_UNREACHABLE_CODE = YES;
				CLANG_WARN__DUPLICATE_METHOD_MATCH = YES;
				CODE_SIGN_IDENTITY = "iPhone Developer";
				COPY_PHASE_STRIP = NO;
				DEBUG_INFORMATION_FORMAT = dwarf;
				ENABLE_STRICT_OBJC_MSGSEND = YES;
				ENABLE_TESTABILITY = YES;
				GCC_C_LANGUAGE_STANDARD = gnu11;
				GCC_DYNAMIC_NO_PIC = NO;
				GCC_NO_COMMON_BLOCKS = YES;
				GCC_OPTIMIZATION_LEVEL = 0;
				GCC_PREPROCESSOR_DEFINITIONS = (
					"DEBUG=1",
					"$(inherited)",
				);
				GCC_WARN_64_TO_32_BIT_CONVERSION = YES;
				GCC_WARN_ABOUT_RETURN_TYPE = YES_ERROR;
				GCC_WARN_UNDECLARED_SELECTOR = YES;
				GCC_WARN_UNINITIALIZED_AUTOS = YES_AGGRESSIVE;
				GCC_WARN_UNUSED_FUNCTION = YES;
				GCC_WARN_UNUSED_VARIABLE = YES;
				IPHONEOS_DEPLOYMENT_TARGET = 12.2;
				MTL_ENABLE_DEBUG_INFO = INCLUDE_SOURCE;
				MTL_FAST_MATH = YES;
				ONLY_ACTIVE_ARCH = YES;
				SDKROOT = iphoneos;
				SWIFT_ACTIVE_COMPILATION_CONDITIONS = DEBUG;
				SWIFT_OPTIMIZATION_LEVEL = "-Onone";
			};
			name = Debug;
		};
		2568170022CA417300893007 /* Release */ = {
			isa = XCBuildConfiguration;
			buildSettings = {
				ALWAYS_SEARCH_USER_PATHS = NO;
				CLANG_ANALYZER_NONNULL = YES;
				CLANG_ANALYZER_NUMBER_OBJECT_CONVERSION = YES_AGGRESSIVE;
				CLANG_CXX_LANGUAGE_STANDARD = "gnu++14";
				CLANG_CXX_LIBRARY = "libc++";
				CLANG_ENABLE_MODULES = YES;
				CLANG_ENABLE_OBJC_ARC = YES;
				CLANG_ENABLE_OBJC_WEAK = YES;
				CLANG_WARN_BLOCK_CAPTURE_AUTORELEASING = YES;
				CLANG_WARN_BOOL_CONVERSION = YES;
				CLANG_WARN_COMMA = YES;
				CLANG_WARN_CONSTANT_CONVERSION = YES;
				CLANG_WARN_DEPRECATED_OBJC_IMPLEMENTATIONS = YES;
				CLANG_WARN_DIRECT_OBJC_ISA_USAGE = YES_ERROR;
				CLANG_WARN_DOCUMENTATION_COMMENTS = YES;
				CLANG_WARN_EMPTY_BODY = YES;
				CLANG_WARN_ENUM_CONVERSION = YES;
				CLANG_WARN_INFINITE_RECURSION = YES;
				CLANG_WARN_INT_CONVERSION = YES;
				CLANG_WARN_NON_LITERAL_NULL_CONVERSION = YES;
				CLANG_WARN_OBJC_IMPLICIT_RETAIN_SELF = YES;
				CLANG_WARN_OBJC_LITERAL_CONVERSION = YES;
				CLANG_WARN_OBJC_ROOT_CLASS = YES_ERROR;
				CLANG_WARN_RANGE_LOOP_ANALYSIS = YES;
				CLANG_WARN_STRICT_PROTOTYPES = YES;
				CLANG_WARN_SUSPICIOUS_MOVE = YES;
				CLANG_WARN_UNGUARDED_AVAILABILITY = YES_AGGRESSIVE;
				CLANG_WARN_UNREACHABLE_CODE = YES;
				CLANG_WARN__DUPLICATE_METHOD_MATCH = YES;
				CODE_SIGN_IDENTITY = "iPhone Developer";
				COPY_PHASE_STRIP = NO;
				DEBUG_INFORMATION_FORMAT = "dwarf-with-dsym";
				ENABLE_NS_ASSERTIONS = NO;
				ENABLE_STRICT_OBJC_MSGSEND = YES;
				GCC_C_LANGUAGE_STANDARD = gnu11;
				GCC_NO_COMMON_BLOCKS = YES;
				GCC_WARN_64_TO_32_BIT_CONVERSION = YES;
				GCC_WARN_ABOUT_RETURN_TYPE = YES_ERROR;
				GCC_WARN_UNDECLARED_SELECTOR = YES;
				GCC_WARN_UNINITIALIZED_AUTOS = YES_AGGRESSIVE;
				GCC_WARN_UNUSED_FUNCTION = YES;
				GCC_WARN_UNUSED_VARIABLE = YES;
				IPHONEOS_DEPLOYMENT_TARGET = 12.2;
				MTL_ENABLE_DEBUG_INFO = NO;
				MTL_FAST_MATH = YES;
				SDKROOT = iphoneos;
				SWIFT_COMPILATION_MODE = wholemodule;
				SWIFT_OPTIMIZATION_LEVEL = "-O";
				VALIDATE_PRODUCT = YES;
			};
			name = Release;
		};
		2568170222CA417300893007 /* Debug */ = {
			isa = XCBuildConfiguration;
			buildSettings = {
				ASSETCATALOG_COMPILER_APPICON_NAME = AppIcon;
				CODE_SIGN_STYLE = Automatic;
				INFOPLIST_FILE = MyShop/Info.plist;
				LD_RUNPATH_SEARCH_PATHS = (
					"$(inherited)",
					"@executable_path/Frameworks",
				);
				PRODUCT_BUNDLE_IDENTIFIER = com.virendra.MyShop;
				PRODUCT_NAME = "$(TARGET_NAME)";
				SWIFT_VERSION = 5.0;
				TARGETED_DEVICE_FAMILY = "1,2";
			};
			name = Debug;
		};
		2568170322CA417300893007 /* Release */ = {
			isa = XCBuildConfiguration;
			buildSettings = {
				ASSETCATALOG_COMPILER_APPICON_NAME = AppIcon;
				CODE_SIGN_STYLE = Automatic;
				INFOPLIST_FILE = MyShop/Info.plist;
				LD_RUNPATH_SEARCH_PATHS = (
					"$(inherited)",
					"@executable_path/Frameworks",
				);
				PRODUCT_BUNDLE_IDENTIFIER = com.virendra.MyShop;
				PRODUCT_NAME = "$(TARGET_NAME)";
				SWIFT_VERSION = 5.0;
				TARGETED_DEVICE_FAMILY = "1,2";
			};
			name = Release;
		};
/* End XCBuildConfiguration section */

/* Begin XCConfigurationList section */
		256816E722CA417000893007 /* Build configuration list for PBXProject "MyShop" */ = {
			isa = XCConfigurationList;
			buildConfigurations = (
				256816FF22CA417300893007 /* Debug */,
				2568170022CA417300893007 /* Release */,
			);
			defaultConfigurationIsVisible = 0;
			defaultConfigurationName = Release;
		};
		2568170122CA417300893007 /* Build configuration list for PBXNativeTarget "MyShop" */ = {
			isa = XCConfigurationList;
			buildConfigurations = (
				2568170222CA417300893007 /* Debug */,
				2568170322CA417300893007 /* Release */,
			);
			defaultConfigurationIsVisible = 0;
			defaultConfigurationName = Release;
		};
/* End XCConfigurationList section */

/* Begin XCVersionGroup section */
		256816F622CA417000893007 /* MyShop.xcdatamodeld */ = {
			isa = XCVersionGroup;
			children = (
				256816F722CA417000893007 /* MyShop.xcdatamodel */,
			);
			currentVersion = 256816F722CA417000893007 /* MyShop.xcdatamodel */;
			path = MyShop.xcdatamodeld;
			sourceTree = "<group>";
			versionGroupType = wrapper.xcdatamodel;
		};
/* End XCVersionGroup section */
	};
	rootObject = 256816E422CA417000893007 /* Project object */;
}
